
Microsoft Visual Studio Solution File, Format Version 12.00
# Visual Studio 2012
Project("{FAE04EC0-301F-11D3-BF4B-00C04F79EFBC}") = "Project 3", "Project 3\Project 3.csproj", "{CD783E20-CB3A-41CF-BB23-979D3F8CED26}"
EndProject
Global
	GlobalSection(SolutionConfigurationPlatforms) = preSolution
		Debug|Any CPU = Debug|Any CPU
		Release|Any CPU = Release|Any CPU
	EndGlobalSection
	GlobalSection(ProjectConfigurationPlatforms) = postSolution
		{CD783E20-CB3A-41CF-BB23-979D3F8CED26}.Debug|Any CPU.ActiveCfg = Debug|Any CPU
		{CD783E20-CB3A-41CF-BB23-979D3F8CED26}.Debug|Any CPU.Build.0 = Debug|Any CPU
		{CD783E20-CB3A-41CF-BB23-979D3F8CED26}.Release|Any CPU.ActiveCfg = Release|Any CPU
		{CD783E20-CB3A-41CF-BB23-979D3F8CED26}.Release|Any CPU.Build.0 = Release|Any CPU
	EndGlobalSection
	GlobalSection(SolutionProperties) = preSolution
		HideSolutionNode = FALSE
	EndGlobalSection
EndGlobal
